
Microsoft Visual Studio Solution File, Format Version 12.00
# Visual Studio 15
VisualStudioVersion = 15.0.28307.421
MinimumVisualStudioVersion = 10.0.40219.1
Project("{FAE04EC0-301F-11D3-BF4B-00C04F79EFBC}") = "GridPanels", "GridPanel\GridPanels.csproj", "{38BAD4E3-97D6-4647-909D-15469E9C0351}"
EndProject
Global
	GlobalSection(SolutionConfigurationPlatforms) = preSolution
		Debug|Any CPU = Debug|Any CPU
		Release|Any CPU = Release|Any CPU
	EndGlobalSection
	GlobalSection(ProjectConfigurationPlatforms) = postSolution
		{38BAD4E3-97D6-4647-909D-15469E9C0351}.Debug|Any CPU.ActiveCfg = Debug|Any CPU
		{38BAD4E3-97D6-4647-909D-15469E9C0351}.Debug|Any CPU.Build.0 = Debug|Any CPU
		{38BAD4E3-97D6-4647-909D-15469E9C0351}.Release|Any CPU.ActiveCfg = Release|Any CPU
		{38BAD4E3-97D6-4647-909D-15469E9C0351}.Release|Any CPU.Build.0 = Release|Any CPU
	EndGlobalSection
	GlobalSection(SolutionProperties) = preSolution
		HideSolutionNode = FALSE
	EndGlobalSection
	GlobalSection(ExtensibilityGlobals) = postSolution
		SolutionGuid = {8C4CF767-32FC-4310-BBA6-6DB3A7AE6086}
	EndGlobalSection
EndGlobal
